
Microsoft Visual Studio Solution File, Format Version 12.00
# Visual Studio Version 17
VisualStudioVersion = 17.11.35327.3
MinimumVisualStudioVersion = 10.0.40219.1
Project("{FAE04EC0-301F-11D3-BF4B-00C04F79EFBC}") = "image_slide_task", "image_slide_task\image_slide_task.csproj", "{E0F4E6E7-D827-455C-B606-A9D41F843952}"
EndProject
Global
	GlobalSection(SolutionConfigurationPlatforms) = preSolution
		Debug|Any CPU = Debug|Any CPU
		Release|Any CPU = Release|Any CPU
	EndGlobalSection
	GlobalSection(ProjectConfigurationPlatforms) = postSolution
		{E0F4E6E7-D827-455C-B606-A9D41F843952}.Debug|Any CPU.ActiveCfg = Debug|Any CPU
		{E0F4E6E7-D827-455C-B606-A9D41F843952}.Debug|Any CPU.Build.0 = Debug|Any CPU
		{E0F4E6E7-D827-455C-B606-A9D41F843952}.Release|Any CPU.ActiveCfg = Release|Any CPU
		{E0F4E6E7-D827-455C-B606-A9D41F843952}.Release|Any CPU.Build.0 = Release|Any CPU
	EndGlobalSection
	GlobalSection(SolutionProperties) = preSolution
		HideSolutionNode = FALSE
	EndGlobalSection
	GlobalSection(ExtensibilityGlobals) = postSolution
		SolutionGuid = {101ECD7D-EEC7-4E0B-A30B-5B7020157146}
	EndGlobalSection
EndGlobal
